
Microsoft Visual Studio Solution File, Format Version 12.00
Project("{FAE04EC0-301F-11D3-BF4B-00C04F79EFBC}") = "OrderedDictionary", "OrderedDictionary\OrderedDictionary.csproj", "{A7F23AC2-A88B-4313-8BE0-A56BDD0A744E}"
EndProject
Project("{FAE04EC0-301F-11D3-BF4B-00C04F79EFBC}") = "OrderedDictionaryTests", "OrderedDictionaryTests\OrderedDictionaryTests.csproj", "{C1428754-3A4C-46C8-B792-39B9536DB2AD}"
EndProject
Global
	GlobalSection(SolutionConfigurationPlatforms) = preSolution
		Debug|Any CPU = Debug|Any CPU
		Release|Any CPU = Release|Any CPU
	EndGlobalSection
	GlobalSection(ProjectConfigurationPlatforms) = postSolution
		{A7F23AC2-A88B-4313-8BE0-A56BDD0A744E}.Debug|Any CPU.ActiveCfg = Debug|Any CPU
		{A7F23AC2-A88B-4313-8BE0-A56BDD0A744E}.Debug|Any CPU.Build.0 = Debug|Any CPU
		{A7F23AC2-A88B-4313-8BE0-A56BDD0A744E}.Release|Any CPU.ActiveCfg = Release|Any CPU
		{A7F23AC2-A88B-4313-8BE0-A56BDD0A744E}.Release|Any CPU.Build.0 = Release|Any CPU
		{C1428754-3A4C-46C8-B792-39B9536DB2AD}.Debug|Any CPU.ActiveCfg = Debug|Any CPU
		{C1428754-3A4C-46C8-B792-39B9536DB2AD}.Debug|Any CPU.Build.0 = Debug|Any CPU
		{C1428754-3A4C-46C8-B792-39B9536DB2AD}.Release|Any CPU.ActiveCfg = Release|Any CPU
		{C1428754-3A4C-46C8-B792-39B9536DB2AD}.Release|Any CPU.Build.0 = Release|Any CPU
	EndGlobalSection
EndGlobal
